
Microsoft Visual Studio Solution File, Format Version 12.00
# Visual Studio 15
VisualStudioVersion = 15.0.28010.2050
MinimumVisualStudioVersion = 10.0.40219.1
Project("{FAE04EC0-301F-11D3-BF4B-00C04F79EFBC}") = "kader_odev", "kader_odev\kader_odev.csproj", "{A9DD576C-DA00-4A80-8E2D-1F11E33F9EA5}"
EndProject
Global
	GlobalSection(SolutionConfigurationPlatforms) = preSolution
		Debug|Any CPU = Debug|Any CPU
		Release|Any CPU = Release|Any CPU
	EndGlobalSection
	GlobalSection(ProjectConfigurationPlatforms) = postSolution
		{A9DD576C-DA00-4A80-8E2D-1F11E33F9EA5}.Debug|Any CPU.ActiveCfg = Debug|Any CPU
		{A9DD576C-DA00-4A80-8E2D-1F11E33F9EA5}.Debug|Any CPU.Build.0 = Debug|Any CPU
		{A9DD576C-DA00-4A80-8E2D-1F11E33F9EA5}.Release|Any CPU.ActiveCfg = Release|Any CPU
		{A9DD576C-DA00-4A80-8E2D-1F11E33F9EA5}.Release|Any CPU.Build.0 = Release|Any CPU
	EndGlobalSection
	GlobalSection(SolutionProperties) = preSolution
		HideSolutionNode = FALSE
	EndGlobalSection
	GlobalSection(ExtensibilityGlobals) = postSolution
		SolutionGuid = {87B5AD76-EB51-40E3-B5ED-E485C2C6F3F0}
	EndGlobalSection
EndGlobal
